{
  "version": 4,
  "terraform_version": "1.1.9",
  "serial": 24,
  "lineage": "42dbb670-6e26-34b5-59e3-ceb0ffb1cda0",
  "outputs": {},
  "resources": [
    {
      "mode": "managed",
      "type": "azurerm_network_interface",
      "name": "nInterfaceRef",
      "provider": "provider[\"registry.terraform.io/hashicorp/azurerm\"]",
      "instances": [
        {
          "schema_version": 0,
          "attributes": {
            "applied_dns_servers": [],
            "dns_servers": [],
            "edge_zone": "",
            "enable_accelerated_networking": false,
            "enable_ip_forwarding": false,
            "id": "/subscriptions/6118497a-ba51-4436-8b58-11c9f1c900e8/resourceGroups/RG-MadeByTerraform-JGeorge/providers/Microsoft.Network/networkInterfaces/JGeorge-madeByTerraform-networkInterface",
            "internal_dns_name_label": "",
            "internal_domain_name_suffix": "",
            "ip_configuration": [
              {
                "gateway_load_balancer_frontend_ip_configuration_id": "",
                "name": "JGeorge-madeByTerraform-IpConfig",
                "primary": true,
                "private_ip_address": "10.0.2.4",
                "private_ip_address_allocation": "Dynamic",
                "private_ip_address_version": "IPv4",
                "public_ip_address_id": "",
                "subnet_id": "/subscriptions/6118497a-ba51-4436-8b58-11c9f1c900e8/resourceGroups/RG-MadeByTerraform-JGeorge/providers/Microsoft.Network/virtualNetworks/JGeorge-madeByTerraform-network/subnets/JGeorge-madeByTerraform-subnet1"
              }
            ],
            "location": "eastus",
            "mac_address": "00-0D-3A-1F-C7-CD",
            "name": "JGeorge-madeByTerraform-networkInterface",
            "private_ip_address": "10.0.2.4",
            "private_ip_addresses": [
              "10.0.2.4"
            ],
            "resource_group_name": "RG-MadeByTerraform-JGeorge",
            "tags": {
              "Environment": "TST",
              "Owner": "Joel George"
            },
            "timeouts": null,
            "virtual_machine_id": "/subscriptions/6118497a-ba51-4436-8b58-11c9f1c900e8/resourceGroups/RG-MadeByTerraform-JGeorge/providers/Microsoft.Compute/virtualMachines/JGeorge-madeByTerraform-virtualMachine"
          },
          "sensitive_attributes": [],
          "private": "eyJlMmJmYjczMC1lY2FhLTExZTYtOGY4OC0zNDM2M2JjN2M0YzAiOnsiY3JlYXRlIjoxODAwMDAwMDAwMDAwLCJkZWxldGUiOjE4MDAwMDAwMDAwMDAsInJlYWQiOjMwMDAwMDAwMDAwMCwidXBkYXRlIjoxODAwMDAwMDAwMDAwfX0=",
          "dependencies": [
            "azurerm_resource_group.rgRef",
            "azurerm_subnet.subnet1Ref",
            "azurerm_virtual_network.vnRef"
          ]
        }
      ]
    },
    {
      "mode": "managed",
      "type": "azurerm_resource_group",
      "name": "rgRef",
      "provider": "provider[\"registry.terraform.io/hashicorp/azurerm\"]",
      "instances": [
        {
          "schema_version": 0,
          "attributes": {
            "id": "/subscriptions/6118497a-ba51-4436-8b58-11c9f1c900e8/resourceGroups/RG-MadeByTerraform-JGeorge",
            "location": "eastus",
            "name": "RG-MadeByTerraform-JGeorge",
            "tags": {
              "Environment": "TST",
              "Owner": "Joel George"
            },
            "timeouts": null
          },
          "sensitive_attributes": [],
          "private": "eyJlMmJmYjczMC1lY2FhLTExZTYtOGY4OC0zNDM2M2JjN2M0YzAiOnsiY3JlYXRlIjo1NDAwMDAwMDAwMDAwLCJkZWxldGUiOjU0MDAwMDAwMDAwMDAsInJlYWQiOjMwMDAwMDAwMDAwMCwidXBkYXRlIjo1NDAwMDAwMDAwMDAwfX0="
        }
      ]
    },
    {
      "mode": "managed",
      "type": "azurerm_subnet",
      "name": "subnet1Ref",
      "provider": "provider[\"registry.terraform.io/hashicorp/azurerm\"]",
      "instances": [
        {
          "schema_version": 0,
          "attributes": {
            "address_prefixes": [
              "10.0.2.0/24"
            ],
            "delegation": [],
            "enforce_private_link_endpoint_network_policies": false,
            "enforce_private_link_service_network_policies": false,
            "id": "/subscriptions/6118497a-ba51-4436-8b58-11c9f1c900e8/resourceGroups/RG-MadeByTerraform-JGeorge/providers/Microsoft.Network/virtualNetworks/JGeorge-madeByTerraform-network/subnets/JGeorge-madeByTerraform-subnet1",
            "name": "JGeorge-madeByTerraform-subnet1",
            "resource_group_name": "RG-MadeByTerraform-JGeorge",
            "service_endpoint_policy_ids": [],
            "service_endpoints": [],
            "timeouts": null,
            "virtual_network_name": "JGeorge-madeByTerraform-network"
          },
          "sensitive_attributes": [],
          "private": "eyJlMmJmYjczMC1lY2FhLTExZTYtOGY4OC0zNDM2M2JjN2M0YzAiOnsiY3JlYXRlIjoxODAwMDAwMDAwMDAwLCJkZWxldGUiOjE4MDAwMDAwMDAwMDAsInJlYWQiOjMwMDAwMDAwMDAwMCwidXBkYXRlIjoxODAwMDAwMDAwMDAwfX0=",
          "dependencies": [
            "azurerm_resource_group.rgRef",
            "azurerm_virtual_network.vnRef"
          ]
        }
      ]
    },
    {
      "mode": "managed",
      "type": "azurerm_virtual_machine",
      "name": "vmRef",
      "provider": "provider[\"registry.terraform.io/hashicorp/azurerm\"]",
      "instances": [
        {
          "schema_version": 0,
          "attributes": {
            "additional_capabilities": [],
            "availability_set_id": null,
            "boot_diagnostics": [],
            "delete_data_disks_on_termination": true,
            "delete_os_disk_on_termination": true,
            "id": "/subscriptions/6118497a-ba51-4436-8b58-11c9f1c900e8/resourceGroups/RG-MadeByTerraform-JGeorge/providers/Microsoft.Compute/virtualMachines/JGeorge-madeByTerraform-virtualMachine",
            "identity": [],
            "license_type": null,
            "location": "eastus",
            "name": "JGeorge-madeByTerraform-virtualMachine",
            "network_interface_ids": [
              "/subscriptions/6118497a-ba51-4436-8b58-11c9f1c900e8/resourceGroups/RG-MadeByTerraform-JGeorge/providers/Microsoft.Network/networkInterfaces/JGeorge-madeByTerraform-networkInterface"
            ],
            "os_profile": [
              {
                "admin_password": "",
                "admin_username": "JGeorge",
                "computer_name": "hostname",
                "custom_data": ""
              }
            ],
            "os_profile_linux_config": [],
            "os_profile_secrets": [],
            "os_profile_windows_config": [
              {
                "additional_unattend_config": [],
                "enable_automatic_upgrades": false,
                "provision_vm_agent": false,
                "timezone": "",
                "winrm": []
              }
            ],
            "plan": [],
            "primary_network_interface_id": null,
            "proximity_placement_group_id": null,
            "resource_group_name": "RG-MadeByTerraform-JGeorge",
            "storage_data_disk": [],
            "storage_image_reference": [
              {
                "id": "",
                "offer": "WindowsServer",
                "publisher": "MicrosoftWindowsServer",
                "sku": "2022-datacenter-azure-edition",
                "version": "latest"
              }
            ],
            "storage_os_disk": [
              {
                "caching": "ReadWrite",
                "create_option": "FromImage",
                "disk_size_gb": 127,
                "image_uri": "",
                "managed_disk_id": "/subscriptions/6118497a-ba51-4436-8b58-11c9f1c900e8/resourceGroups/RG-MadeByTerraform-JGeorge/providers/Microsoft.Compute/disks/myosdisk1",
                "managed_disk_type": "Standard_LRS",
                "name": "myosdisk1",
                "os_type": "Windows",
                "vhd_uri": "",
                "write_accelerator_enabled": false
              }
            ],
            "tags": {
              "Environment": "TST",
              "Owner": "Joel George"
            },
            "timeouts": null,
            "vm_size": "Standard_DS2_v2",
            "zones": []
          },
          "sensitive_attributes": [],
          "private": "eyJlMmJmYjczMC1lY2FhLTExZTYtOGY4OC0zNDM2M2JjN2M0YzAiOnsiY3JlYXRlIjozNjAwMDAwMDAwMDAwLCJkZWxldGUiOjM2MDAwMDAwMDAwMDAsInJlYWQiOjMwMDAwMDAwMDAwMCwidXBkYXRlIjozNjAwMDAwMDAwMDAwfX0=",
          "dependencies": [
            "azurerm_network_interface.nInterfaceRef",
            "azurerm_resource_group.rgRef"
          ]
        }
      ]
    },
    {
      "mode": "managed",
      "type": "azurerm_virtual_network",
      "name": "vnRef",
      "provider": "provider[\"registry.terraform.io/hashicorp/azurerm\"]",
      "instances": [
        {
          "schema_version": 0,
          "attributes": {
            "address_space": [
              "10.0.0.0/16"
            ],
            "bgp_community": "",
            "ddos_protection_plan": [],
            "dns_servers": [],
            "edge_zone": "",
            "flow_timeout_in_minutes": 0,
            "guid": "41d63c10-26a6-43e0-946a-f723b31e2997",
            "id": "/subscriptions/6118497a-ba51-4436-8b58-11c9f1c900e8/resourceGroups/RG-MadeByTerraform-JGeorge/providers/Microsoft.Network/virtualNetworks/JGeorge-madeByTerraform-network",
            "location": "eastus",
            "name": "JGeorge-madeByTerraform-network",
            "resource_group_name": "RG-MadeByTerraform-JGeorge",
            "subnet": [
              {
                "address_prefix": "10.0.2.0/24",
                "id": "/subscriptions/6118497a-ba51-4436-8b58-11c9f1c900e8/resourceGroups/RG-MadeByTerraform-JGeorge/providers/Microsoft.Network/virtualNetworks/JGeorge-madeByTerraform-network/subnets/JGeorge-madeByTerraform-subnet1",
                "name": "JGeorge-madeByTerraform-subnet1",
                "security_group": ""
              }
            ],
            "tags": {
              "Environment": "TST",
              "Owner": "Joel George"
            },
            "timeouts": null
          },
          "sensitive_attributes": [],
          "private": "eyJlMmJmYjczMC1lY2FhLTExZTYtOGY4OC0zNDM2M2JjN2M0YzAiOnsiY3JlYXRlIjoxODAwMDAwMDAwMDAwLCJkZWxldGUiOjE4MDAwMDAwMDAwMDAsInJlYWQiOjMwMDAwMDAwMDAwMCwidXBkYXRlIjoxODAwMDAwMDAwMDAwfX0=",
          "dependencies": [
            "azurerm_resource_group.rgRef"
          ]
        }
      ]
    }
  ]
}
